
Microsoft Visual Studio Solution File, Format Version 12.00
# Visual Studio 15
VisualStudioVersion = 15.0.28010.2036
MinimumVisualStudioVersion = 10.0.40219.1
Project("{FAE04EC0-301F-11D3-BF4B-00C04F79EFBC}") = "CustomStackPanel", "CustomStackPanel\CustomStackPanel.csproj", "{952AABFB-9D95-42CF-9454-99CDD52E3F67}"
EndProject
Global
	GlobalSection(SolutionConfigurationPlatforms) = preSolution
		Debug|Any CPU = Debug|Any CPU
		Release|Any CPU = Release|Any CPU
	EndGlobalSection
	GlobalSection(ProjectConfigurationPlatforms) = postSolution
		{952AABFB-9D95-42CF-9454-99CDD52E3F67}.Debug|Any CPU.ActiveCfg = Debug|Any CPU
		{952AABFB-9D95-42CF-9454-99CDD52E3F67}.Debug|Any CPU.Build.0 = Debug|Any CPU
		{952AABFB-9D95-42CF-9454-99CDD52E3F67}.Release|Any CPU.ActiveCfg = Release|Any CPU
		{952AABFB-9D95-42CF-9454-99CDD52E3F67}.Release|Any CPU.Build.0 = Release|Any CPU
	EndGlobalSection
	GlobalSection(SolutionProperties) = preSolution
		HideSolutionNode = FALSE
	EndGlobalSection
	GlobalSection(ExtensibilityGlobals) = postSolution
		SolutionGuid = {739E02B0-D0E2-4868-8DDD-B162BC77EC39}
	EndGlobalSection
EndGlobal
